
Microsoft Visual Studio Solution File, Format Version 11.00
# Visual Studio 2010
Project("{FAE04EC0-301F-11D3-BF4B-00C04F79EFBC}") = "PLC Controller", "PLC Controller\PLC Controller.csproj", "{E0BA6C9F-A6D1-4ABF-BB91-7482C88BDFE4}"
EndProject
Global
	GlobalSection(SolutionConfigurationPlatforms) = preSolution
		Debug|x86 = Debug|x86
		Release|x86 = Release|x86
	EndGlobalSection
	GlobalSection(ProjectConfigurationPlatforms) = postSolution
		{E0BA6C9F-A6D1-4ABF-BB91-7482C88BDFE4}.Debug|x86.ActiveCfg = Debug|x86
		{E0BA6C9F-A6D1-4ABF-BB91-7482C88BDFE4}.Debug|x86.Build.0 = Debug|x86
		{E0BA6C9F-A6D1-4ABF-BB91-7482C88BDFE4}.Release|x86.ActiveCfg = Release|x86
		{E0BA6C9F-A6D1-4ABF-BB91-7482C88BDFE4}.Release|x86.Build.0 = Release|x86
	EndGlobalSection
	GlobalSection(SolutionProperties) = preSolution
		HideSolutionNode = FALSE
	EndGlobalSection
EndGlobal
